
Microsoft Visual Studio Solution File, Format Version 12.00
# Visual Studio 2012
Project("{FAE04EC0-301F-11D3-BF4B-00C04F79EFBC}") = "GuessTheSecretNumber", "GuessTheSecretNumber\GuessTheSecretNumber.csproj", "{38698EE9-5FE6-4FC9-9A1D-888B06838457}"
EndProject
Global
	GlobalSection(SolutionConfigurationPlatforms) = preSolution
		Debug|Any CPU = Debug|Any CPU
		Release|Any CPU = Release|Any CPU
	EndGlobalSection
	GlobalSection(ProjectConfigurationPlatforms) = postSolution
		{38698EE9-5FE6-4FC9-9A1D-888B06838457}.Debug|Any CPU.ActiveCfg = Debug|Any CPU
		{38698EE9-5FE6-4FC9-9A1D-888B06838457}.Debug|Any CPU.Build.0 = Debug|Any CPU
		{38698EE9-5FE6-4FC9-9A1D-888B06838457}.Release|Any CPU.ActiveCfg = Release|Any CPU
		{38698EE9-5FE6-4FC9-9A1D-888B06838457}.Release|Any CPU.Build.0 = Release|Any CPU
	EndGlobalSection
	GlobalSection(SolutionProperties) = preSolution
		HideSolutionNode = FALSE
	EndGlobalSection
EndGlobal
